{
  "name": "csgo-playerdb",
  "version": "0.0.0",
  "lockfileVersion": 1,
  "requires": true,
  "dependencies": {
    "lodash": {
      "version": "4.17.4",
      "resolved": "https://registry.npmjs.org/lodash/-/lodash-4.17.4.tgz",
      "integrity": "sha1-eCA6TRwyiuHYbcpkYONptX9AVa4="
    },
    "minimist": {
      "version": "0.0.8",
      "resolved": "https://registry.npmjs.org/minimist/-/minimist-0.0.8.tgz",
      "integrity": "sha1-hX/Kv8M5fSYluCKCYuhqp6ARsF0="
    },
    "mkdirp": {
      "version": "0.5.1",
      "resolved": "https://registry.npmjs.org/mkdirp/-/mkdirp-0.5.1.tgz",
      "integrity": "sha1-MAV0OOrGz3+MR2fzhkjWaX11yQM=",
      "requires": {
        "minimist": "0.0.8"
      }
    },
    "moment": {
      "version": "2.18.1",
      "resolved": "https://registry.npmjs.org/moment/-/moment-2.18.1.tgz",
      "integrity": "sha1-w2GT3Tzhwu7SrbfIAtu8d6gbHA8="
    },
    "node-json-db": {
      "version": "0.7.3",
      "resolved": "https://registry.npmjs.org/node-json-db/-/node-json-db-0.7.3.tgz",
      "integrity": "sha1-v2Mf9NTPQhHL3/5srmqq/m7lTN8=",
      "requires": {
        "mkdirp": "0.5.1"
      }
    },
    "simple-node-logger": {
      "version": "0.93.28",
      "resolved": "https://registry.npmjs.org/simple-node-logger/-/simple-node-logger-0.93.28.tgz",
      "integrity": "sha1-WR3lLSAQL+7AgTPegJrnR1jq0J8=",
      "requires": {
        "lodash": "4.17.4",
        "moment": "2.18.1"
      }
    }
  }
}
